
Microsoft Visual Studio Solution File, Format Version 12.00
# Visual Studio Version 16
VisualStudioVersion = 16.0.29324.140
MinimumVisualStudioVersion = 10.0.40219.1
Project("{FAE04EC0-301F-11D3-BF4B-00C04F79EFBC}") = "ItemCreator", "ItemCreator\ItemCreator.csproj", "{0040B9C8-B837-44C7-8D34-A2C6E74C990D}"
EndProject
Project("{2150E333-8FDC-42A3-9474-1A3956D46DE8}") = "Solution Items", "Solution Items", "{064AE3DB-3F68-46A4-9B5F-7143E0EADCBF}"
	ProjectSection(SolutionItems) = preProject
		InventoryCreatorSetup\InventoryCreatorSetup-SetupFiles\InventoryCreatorSetup.msi = InventoryCreatorSetup\InventoryCreatorSetup-SetupFiles\InventoryCreatorSetup.msi
	EndProjectSection
EndProject
Project("{840C416C-B8F3-42BC-B0DD-F6BB14C9F8CB}") = "InventoryCreatorSetup", "InventoryCreatorSetup\InventoryCreatorSetup.aiproj", "{C37FA761-CDCE-4B9A-A29B-2F07553062C4}"
EndProject
Global
	GlobalSection(SolutionConfigurationPlatforms) = preSolution
		All|Any CPU = All|Any CPU
		Debug|Any CPU = Debug|Any CPU
		Release|Any CPU = Release|Any CPU
	EndGlobalSection
	GlobalSection(ProjectConfigurationPlatforms) = postSolution
		{0040B9C8-B837-44C7-8D34-A2C6E74C990D}.All|Any CPU.ActiveCfg = Release|Any CPU
		{0040B9C8-B837-44C7-8D34-A2C6E74C990D}.All|Any CPU.Build.0 = Release|Any CPU
		{0040B9C8-B837-44C7-8D34-A2C6E74C990D}.Debug|Any CPU.ActiveCfg = Debug|Any CPU
		{0040B9C8-B837-44C7-8D34-A2C6E74C990D}.Debug|Any CPU.Build.0 = Debug|Any CPU
		{0040B9C8-B837-44C7-8D34-A2C6E74C990D}.Release|Any CPU.ActiveCfg = Release|Any CPU
		{0040B9C8-B837-44C7-8D34-A2C6E74C990D}.Release|Any CPU.Build.0 = Release|Any CPU
		{C37FA761-CDCE-4B9A-A29B-2F07553062C4}.All|Any CPU.ActiveCfg = DefaultBuild
		{C37FA761-CDCE-4B9A-A29B-2F07553062C4}.Debug|Any CPU.ActiveCfg = DefaultBuild
		{C37FA761-CDCE-4B9A-A29B-2F07553062C4}.Release|Any CPU.ActiveCfg = DefaultBuild
	EndGlobalSection
	GlobalSection(SolutionProperties) = preSolution
		HideSolutionNode = FALSE
	EndGlobalSection
	GlobalSection(ExtensibilityGlobals) = postSolution
		SolutionGuid = {E6A8B077-4D72-473C-9B6D-F7C005CEFFAD}
	EndGlobalSection
EndGlobal
